
Microsoft Visual Studio Solution File, Format Version 12.00
# Visual Studio 14
VisualStudioVersion = 14.0.25420.1
MinimumVisualStudioVersion = 10.0.40219.1
Project("{151D2E53-A2C4-4D7D-83FE-D05416EBD58E}") = "Avanade.CRM.Setup.IaaS", "Avanade.CRM.Setup.IaaS\Avanade.CRM.Setup.IaaS.deployproj", "{D4FBB783-479F-48AD-964A-447B8B0025BC}"
EndProject
Global
	GlobalSection(SolutionConfigurationPlatforms) = preSolution
		Debug|Any CPU = Debug|Any CPU
		Release|Any CPU = Release|Any CPU
	EndGlobalSection
	GlobalSection(ProjectConfigurationPlatforms) = postSolution
		{D4FBB783-479F-48AD-964A-447B8B0025BC}.Debug|Any CPU.ActiveCfg = Debug|Any CPU
		{D4FBB783-479F-48AD-964A-447B8B0025BC}.Debug|Any CPU.Build.0 = Debug|Any CPU
		{D4FBB783-479F-48AD-964A-447B8B0025BC}.Release|Any CPU.ActiveCfg = Release|Any CPU
		{D4FBB783-479F-48AD-964A-447B8B0025BC}.Release|Any CPU.Build.0 = Release|Any CPU
	EndGlobalSection
	GlobalSection(SolutionProperties) = preSolution
		HideSolutionNode = FALSE
	EndGlobalSection
EndGlobal
